{
  "version": "5",
  "specifiers": {
    "jsr:@deno/deployctl@^1.13.1": "1.13.1",
    "jsr:@denosaurs/tty@0.2.1": "0.2.1",
    "jsr:@denosaurs/tty@~0.2.1": "0.2.1",
    "jsr:@denosaurs/wait@0.2.2": "0.2.2",
    "jsr:@std/assert@0.217": "0.217.0",
    "jsr:@std/assert@^1.0.14": "1.0.14",
    "jsr:@std/async@0.217": "0.217.0",
    "jsr:@std/cli@^1.0.21": "1.0.21",
    "jsr:@std/dotenv@0.217": "0.217.0",
    "jsr:@std/encoding@0.217": "0.217.0",
    "jsr:@std/encoding@^1.0.10": "1.0.10",
    "jsr:@std/flags@0.217": "0.217.0",
    "jsr:@std/fmt@0.217": "0.217.0",
    "jsr:@std/fmt@1": "1.0.8",
    "jsr:@std/fmt@^1.0.8": "1.0.8",
    "jsr:@std/fs@^1.0.19": "1.0.19",
    "jsr:@std/html@^1.0.4": "1.0.4",
    "jsr:@std/http@1.0": "1.0.20",
    "jsr:@std/http@^1.0.20": "1.0.20",
    "jsr:@std/internal@^1.0.10": "1.0.10",
    "jsr:@std/json@0.217": "0.217.0",
    "jsr:@std/jsonc@0.217": "0.217.0",
    "jsr:@std/media-types@^1.1.0": "1.1.0",
    "jsr:@std/net@^1.0.4": "1.0.5",
    "jsr:@std/path@0.217": "0.217.0",
    "jsr:@std/path@1.0": "1.0.9",
    "jsr:@std/path@^1.1.1": "1.1.2",
    "jsr:@std/semver@0.217": "0.217.0",
    "jsr:@std/streams@0.217": "0.217.0",
    "jsr:@std/streams@^1.0.10": "1.0.11",
    "npm:@pagefind/default-ui@^1.3.0": "1.3.0",
    "npm:@resvg/resvg-js@^2.6.2": "2.6.2",
    "npm:@types/lodash.kebabcase@^4.1.9": "4.1.9",
    "npm:axios@^1.11.0": "1.11.0",
    "npm:dayjs@^1.11.18": "1.11.18",
    "npm:globals@^16.3.0": "16.3.0",
    "npm:keychain@1.5.0": "1.5.0",
    "npm:lodash.kebabcase@^4.1.1": "4.1.1",
    "npm:marked@^16.2.1": "16.2.1",
    "npm:pagefind@^1.3.0": "1.3.0",
    "npm:remark-collapse@~0.1.2": "0.1.2",
    "npm:slugify@^1.6.6": "1.6.6"
  },
  "jsr": {
    "@deno/deployctl@1.13.1": {
      "integrity": "84245138a17546f184aebcc2dd49061b3437b8819be54195ab144e7b4e86be2a",
      "dependencies": [
        "jsr:@denosaurs/tty@0.2.1",
        "jsr:@denosaurs/wait",
        "jsr:@std/async",
        "jsr:@std/dotenv",
        "jsr:@std/encoding@0.217",
        "jsr:@std/flags",
        "jsr:@std/fmt@0.217",
        "jsr:@std/jsonc",
        "jsr:@std/path@0.217",
        "jsr:@std/semver",
        "jsr:@std/streams@0.217",
        "npm:keychain"
      ]
    },
    "@denosaurs/tty@0.2.1": {
      "integrity": "f1fc651cc9021c90bf230a45c6eb893c26a54fae6a855e9cd26aad0083d772dd"
    },
    "@denosaurs/wait@0.2.2": {
      "integrity": "5ec0a7e72c57a96c9fdb2f4a52e2ce3b1ad010acc59fefe6f88054a9e27bc33d",
      "dependencies": [
        "jsr:@denosaurs/tty@~0.2.1",
        "jsr:@std/fmt@1"
      ]
    },
    "@std/assert@0.217.0": {
      "integrity": "c98e279362ca6982d5285c3b89517b757c1e3477ee9f14eb2fdf80a45aaa9642"
    },
    "@std/assert@1.0.14": {
      "integrity": "68d0d4a43b365abc927f45a9b85c639ea18a9fab96ad92281e493e4ed84abaa4",
      "dependencies": [
        "jsr:@std/internal"
      ]
    },
    "@std/async@0.217.0": {
      "integrity": "14dac94f59595e39e519de379c47170d8bbedea253824c4b167108aa943ddb69"
    },
    "@std/cli@1.0.21": {
      "integrity": "cd25b050bdf6282e321854e3822bee624f07aca7636a3a76d95f77a3a919ca2a"
    },
    "@std/dotenv@0.217.0": {
      "integrity": "e65cbbf669f482c320b2f94d0a2fc536f1fcd06afdcfa4fde358129a18d1d428"
    },
    "@std/encoding@0.217.0": {
      "integrity": "b03e8ff94c98d6b6a02c02c5cf8e5d203400155516248964fc4559abc04669dc"
    },
    "@std/encoding@1.0.10": {
      "integrity": "8783c6384a2d13abd5e9e87a7ae0520a30e9f56aeeaa3bdf910a3eaaf5c811a1"
    },
    "@std/flags@0.217.0": {
      "integrity": "2d67502692d76cfe37fba1c4a92d0a5fe0a6f9601900fd7c510936b0e4e0242e",
      "dependencies": [
        "jsr:@std/assert@0.217"
      ]
    },
    "@std/fmt@0.217.0": {
      "integrity": "cb99f82500b8da20202fedfa8bb94dd0222e81f0494ed9087de20ee3d8a39a8d"
    },
    "@std/fmt@1.0.8": {
      "integrity": "71e1fc498787e4434d213647a6e43e794af4fd393ef8f52062246e06f7e372b7"
    },
    "@std/fs@1.0.19": {
      "integrity": "051968c2b1eae4d2ea9f79a08a3845740ef6af10356aff43d3e2ef11ed09fb06"
    },
    "@std/html@1.0.4": {
      "integrity": "eff3497c08164e6ada49b7f81a28b5108087033823153d065e3f89467dd3d50e"
    },
    "@std/http@1.0.20": {
      "integrity": "b5cc33fc001bccce65ed4c51815668c9891c69ccd908295997e983d8f56070a1",
      "dependencies": [
        "jsr:@std/cli",
        "jsr:@std/encoding@^1.0.10",
        "jsr:@std/fmt@^1.0.8",
        "jsr:@std/fs",
        "jsr:@std/html",
        "jsr:@std/media-types",
        "jsr:@std/net",
        "jsr:@std/path@^1.1.1",
        "jsr:@std/streams@^1.0.10"
      ]
    },
    "@std/internal@1.0.10": {
      "integrity": "e3be62ce42cab0e177c27698e5d9800122f67b766a0bea6ca4867886cbde8cf7"
    },
    "@std/json@0.217.0": {
      "integrity": "173f1156d23d11095b6ff7df6266c80e8f83afcd9a6af1731ec301f485806986"
    },
    "@std/jsonc@0.217.0": {
      "integrity": "125c47f36ef8160e1b4fd5bff096e8f0ea3f49bea197de5b182eb130bb8a527c",
      "dependencies": [
        "jsr:@std/assert@0.217",
        "jsr:@std/json"
      ]
    },
    "@std/media-types@1.1.0": {
      "integrity": "c9d093f0c05c3512932b330e3cc1fe1d627b301db33a4c2c2185c02471d6eaa4"
    },
    "@std/net@1.0.5": {
      "integrity": "b759d8c5e17d997e164af6379d57764668c6714f30109685eec0fd5e194d501a"
    },
    "@std/path@0.217.0": {
      "integrity": "1217cc25534bca9a2f672d7fe7c6f356e4027df400c0e85c0ef3e4343bc67d11",
      "dependencies": [
        "jsr:@std/assert@0.217"
      ]
    },
    "@std/path@1.0.9": {
      "integrity": "260a49f11edd3db93dd38350bf9cd1b4d1366afa98e81b86167b4e3dd750129e"
    },
    "@std/path@1.1.2": {
      "integrity": "c0b13b97dfe06546d5e16bf3966b1cadf92e1cc83e56ba5476ad8b498d9e3038",
      "dependencies": [
        "jsr:@std/internal"
      ]
    },
    "@std/semver@0.217.0": {
      "integrity": "c1ba42cdcaacf610f1a62ec2256ab29765a73fede65120214c3acb9c85ed3d35"
    },
    "@std/streams@0.217.0": {
      "integrity": "b4a6de703d6aa59c4777f89fc002e82b8401dada44d1e6f7e916664c1e6cfd36"
    },
    "@std/streams@1.0.11": {
      "integrity": "db583d27e28d133f389f1eec318cffdf4998305e5134c1d4b1c56b361cee6018"
    }
  },
  "npm": {
    "@pagefind/darwin-arm64@1.3.0": {
      "integrity": "sha512-365BEGl6ChOsauRjyVpBjXybflXAOvoMROw3TucAROHIcdBvXk9/2AmEvGFU0r75+vdQI4LJdJdpH4Y6Yqaj4A==",
      "os": ["darwin"],
      "cpu": ["arm64"]
    },
    "@pagefind/darwin-x64@1.3.0": {
      "integrity": "sha512-zlGHA23uuXmS8z3XxEGmbHpWDxXfPZ47QS06tGUq0HDcZjXjXHeLG+cboOy828QIV5FXsm9MjfkP5e4ZNbOkow==",
      "os": ["darwin"],
      "cpu": ["x64"]
    },
    "@pagefind/default-ui@1.3.0": {
      "integrity": "sha512-CGKT9ccd3+oRK6STXGgfH+m0DbOKayX6QGlq38TfE1ZfUcPc5+ulTuzDbZUnMo+bubsEOIypm4Pl2iEyzZ1cNg=="
    },
    "@pagefind/linux-arm64@1.3.0": {
      "integrity": "sha512-8lsxNAiBRUk72JvetSBXs4WRpYrQrVJXjlRRnOL6UCdBN9Nlsz0t7hWstRk36+JqHpGWOKYiuHLzGYqYAqoOnQ==",
      "os": ["linux"],
      "cpu": ["arm64"]
    },
    "@pagefind/linux-x64@1.3.0": {
      "integrity": "sha512-hAvqdPJv7A20Ucb6FQGE6jhjqy+vZ6pf+s2tFMNtMBG+fzcdc91uTw7aP/1Vo5plD0dAOHwdxfkyw0ugal4kcQ==",
      "os": ["linux"],
      "cpu": ["x64"]
    },
    "@pagefind/windows-x64@1.3.0": {
      "integrity": "sha512-BR1bIRWOMqkf8IoU576YDhij1Wd/Zf2kX/kCI0b2qzCKC8wcc2GQJaaRMCpzvCCrmliO4vtJ6RITp/AnoYUUmQ==",
      "os": ["win32"],
      "cpu": ["x64"]
    },
    "@resvg/resvg-js-android-arm-eabi@2.6.2": {
      "integrity": "sha512-FrJibrAk6v29eabIPgcTUMPXiEz8ssrAk7TXxsiZzww9UTQ1Z5KAbFJs+Z0Ez+VZTYgnE5IQJqBcoSiMebtPHA==",
      "os": ["android"],
      "cpu": ["arm"]
    },
    "@resvg/resvg-js-android-arm64@2.6.2": {
      "integrity": "sha512-VcOKezEhm2VqzXpcIJoITuvUS/fcjIw5NA/w3tjzWyzmvoCdd+QXIqy3FBGulWdClvp4g+IfUemigrkLThSjAQ==",
      "os": ["android"],
      "cpu": ["arm64"]
    },
    "@resvg/resvg-js-darwin-arm64@2.6.2": {
      "integrity": "sha512-nmok2LnAd6nLUKI16aEB9ydMC6Lidiiq2m1nEBDR1LaaP7FGs4AJ90qDraxX+CWlVuRlvNjyYJTNv8qFjtL9+A==",
      "os": ["darwin"],
      "cpu": ["arm64"]
    },
    "@resvg/resvg-js-darwin-x64@2.6.2": {
      "integrity": "sha512-GInyZLjgWDfsVT6+SHxQVRwNzV0AuA1uqGsOAW+0th56J7Nh6bHHKXHBWzUrihxMetcFDmQMAX1tZ1fZDYSRsw==",
      "os": ["darwin"],
      "cpu": ["x64"]
    },
    "@resvg/resvg-js-linux-arm-gnueabihf@2.6.2": {
      "integrity": "sha512-YIV3u/R9zJbpqTTNwTZM5/ocWetDKGsro0SWp70eGEM9eV2MerWyBRZnQIgzU3YBnSBQ1RcxRZvY/UxwESfZIw==",
      "os": ["linux"],
      "cpu": ["arm"]
    },
    "@resvg/resvg-js-linux-arm64-gnu@2.6.2": {
      "integrity": "sha512-zc2BlJSim7YR4FZDQ8OUoJg5holYzdiYMeobb9pJuGDidGL9KZUv7SbiD4E8oZogtYY42UZEap7dqkkYuA91pg==",
      "os": ["linux"],
      "cpu": ["arm64"]
    },
    "@resvg/resvg-js-linux-arm64-musl@2.6.2": {
      "integrity": "sha512-3h3dLPWNgSsD4lQBJPb4f+kvdOSJHa5PjTYVsWHxLUzH4IFTJUAnmuWpw4KqyQ3NA5QCyhw4TWgxk3jRkQxEKg==",
      "os": ["linux"],
      "cpu": ["arm64"]
    },
    "@resvg/resvg-js-linux-x64-gnu@2.6.2": {
      "integrity": "sha512-IVUe+ckIerA7xMZ50duAZzwf1U7khQe2E0QpUxu5MBJNao5RqC0zwV/Zm965vw6D3gGFUl7j4m+oJjubBVoftw==",
      "os": ["linux"],
      "cpu": ["x64"]
    },
    "@resvg/resvg-js-linux-x64-musl@2.6.2": {
      "integrity": "sha512-UOf83vqTzoYQO9SZ0fPl2ZIFtNIz/Rr/y+7X8XRX1ZnBYsQ/tTb+cj9TE+KHOdmlTFBxhYzVkP2lRByCzqi4jQ==",
      "os": ["linux"],
      "cpu": ["x64"]
    },
    "@resvg/resvg-js-win32-arm64-msvc@2.6.2": {
      "integrity": "sha512-7C/RSgCa+7vqZ7qAbItfiaAWhyRSoD4l4BQAbVDqRRsRgY+S+hgS3in0Rxr7IorKUpGE69X48q6/nOAuTJQxeQ==",
      "os": ["win32"],
      "cpu": ["arm64"]
    },
    "@resvg/resvg-js-win32-ia32-msvc@2.6.2": {
      "integrity": "sha512-har4aPAlvjnLcil40AC77YDIk6loMawuJwFINEM7n0pZviwMkMvjb2W5ZirsNOZY4aDbo5tLx0wNMREp5Brk+w==",
      "os": ["win32"],
      "cpu": ["ia32"]
    },
    "@resvg/resvg-js-win32-x64-msvc@2.6.2": {
      "integrity": "sha512-ZXtYhtUr5SSaBrUDq7DiyjOFJqBVL/dOBN7N/qmi/pO0IgiWW/f/ue3nbvu9joWE5aAKDoIzy/CxsY0suwGosQ==",
      "os": ["win32"],
      "cpu": ["x64"]
    },
    "@resvg/resvg-js@2.6.2": {
      "integrity": "sha512-xBaJish5OeGmniDj9cW5PRa/PtmuVU3ziqrbr5xJj901ZDN4TosrVaNZpEiLZAxdfnhAe7uQ7QFWfjPe9d9K2Q==",
      "optionalDependencies": [
        "@resvg/resvg-js-android-arm-eabi",
        "@resvg/resvg-js-android-arm64",
        "@resvg/resvg-js-darwin-arm64",
        "@resvg/resvg-js-darwin-x64",
        "@resvg/resvg-js-linux-arm-gnueabihf",
        "@resvg/resvg-js-linux-arm64-gnu",
        "@resvg/resvg-js-linux-arm64-musl",
        "@resvg/resvg-js-linux-x64-gnu",
        "@resvg/resvg-js-linux-x64-musl",
        "@resvg/resvg-js-win32-arm64-msvc",
        "@resvg/resvg-js-win32-ia32-msvc",
        "@resvg/resvg-js-win32-x64-msvc"
      ]
    },
    "@types/lodash.kebabcase@4.1.9": {
      "integrity": "sha512-kPrrmcVOhSsjAVRovN0lRfrbuidfg0wYsrQa5IYuoQO1fpHHGSme66oyiYA/5eQPVl8Z95OA3HG0+d2SvYC85w==",
      "dependencies": [
        "@types/lodash"
      ]
    },
    "@types/lodash@4.17.20": {
      "integrity": "sha512-H3MHACvFUEiujabxhaI/ImO6gUrd8oOurg7LQtS7mbwIXA/cUqWrvBsaeJ23aZEPk1TAYkurjfMbSELfoCXlGA=="
    },
    "asynckit@0.4.0": {
      "integrity": "sha512-Oei9OH4tRh0YqU3GxhX79dM/mwVgvbZJaSNaRk+bshkj0S5cfHcgYakreBjrHwatXKbz+IoIdYLxrKim2MjW0Q=="
    },
    "axios@1.11.0": {
      "integrity": "sha512-1Lx3WLFQWm3ooKDYZD1eXmoGO9fxYQjrycfHFC8P0sCfQVXyROp0p9PFWBehewBOdCwHc+f/b8I0fMto5eSfwA==",
      "dependencies": [
        "follow-redirects",
        "form-data",
        "proxy-from-env"
      ]
    },
    "call-bind-apply-helpers@1.0.2": {
      "integrity": "sha512-Sp1ablJ0ivDkSzjcaJdxEunN5/XvksFJ2sMBFfq6x0ryhQV/2b/KwFe21cMpmHtPOSij8K99/wSfoEuTObmuMQ==",
      "dependencies": [
        "es-errors",
        "function-bind"
      ]
    },
    "combined-stream@1.0.8": {
      "integrity": "sha512-FQN4MRfuJeHf7cBbBMJFXhKSDq+2kAArBlmRBvcvFE5BB1HZKXtSFASDhdlz9zOYwxh8lDdnvmMOe/+5cdoEdg==",
      "dependencies": [
        "delayed-stream"
      ]
    },
    "dayjs@1.11.18": {
      "integrity": "sha512-zFBQ7WFRvVRhKcWoUh+ZA1g2HVgUbsZm9sbddh8EC5iv93sui8DVVz1Npvz+r6meo9VKfa8NyLWBsQK1VvIKPA=="
    },
    "delayed-stream@1.0.0": {
      "integrity": "sha512-ZySD7Nf91aLB0RxL4KGrKHBXl7Eds1DAmEdcoVawXnLD7SDhpNgtuII2aAkg7a7QS41jxPSZ17p4VdGnMHk3MQ=="
    },
    "dunder-proto@1.0.1": {
      "integrity": "sha512-KIN/nDJBQRcXw0MLVhZE9iQHmG68qAVIBg9CqmUYjmQIhgij9U5MFvrqkUL5FbtyyzZuOeOt0zdeRe4UY7ct+A==",
      "dependencies": [
        "call-bind-apply-helpers",
        "es-errors",
        "gopd"
      ]
    },
    "es-define-property@1.0.1": {
      "integrity": "sha512-e3nRfgfUZ4rNGL232gUgX06QNyyez04KdjFrF+LTRoOXmrOgFKDg4BCdsjW8EnT69eqdYGmRpJwiPVYNrCaW3g=="
    },
    "es-errors@1.3.0": {
      "integrity": "sha512-Zf5H2Kxt2xjTvbJvP2ZWLEICxA6j+hAmMzIlypy4xcBg1vKVnx89Wy0GbS+kf5cwCVFFzdCFh2XSCFNULS6csw=="
    },
    "es-object-atoms@1.1.1": {
      "integrity": "sha512-FGgH2h8zKNim9ljj7dankFPcICIK9Cp5bm+c2gQSYePhpaG5+esrLODihIorn+Pe6FGJzWhXQotPv73jTaldXA==",
      "dependencies": [
        "es-errors"
      ]
    },
    "es-set-tostringtag@2.1.0": {
      "integrity": "sha512-j6vWzfrGVfyXxge+O0x5sh6cvxAog0a/4Rdd2K36zCMV5eJ+/+tOAngRO8cODMNWbVRdVlmGZQL2YS3yR8bIUA==",
      "dependencies": [
        "es-errors",
        "get-intrinsic",
        "has-tostringtag",
        "hasown"
      ]
    },
    "follow-redirects@1.15.11": {
      "integrity": "sha512-deG2P0JfjrTxl50XGCDyfI97ZGVCxIpfKYmfyrQ54n5FO/0gfIES8C/Psl6kWVDolizcaaxZJnTS0QSMxvnsBQ=="
    },
    "form-data@4.0.4": {
      "integrity": "sha512-KrGhL9Q4zjj0kiUt5OO4Mr/A/jlI2jDYs5eHBpYHPcBEVSiipAvn2Ko2HnPe20rmcuuvMHNdZFp+4IlGTMF0Ow==",
      "dependencies": [
        "asynckit",
        "combined-stream",
        "es-set-tostringtag",
        "hasown",
        "mime-types"
      ]
    },
    "function-bind@1.1.2": {
      "integrity": "sha512-7XHNxH7qX9xG5mIwxkhumTox/MIRNcOgDrxWsMt2pAr23WHp6MrRlN7FBSFpCpr+oVO0F744iUgR82nJMfG2SA=="
    },
    "get-intrinsic@1.3.0": {
      "integrity": "sha512-9fSjSaos/fRIVIp+xSJlE6lfwhES7LNtKaCBIamHsjr2na1BiABJPo0mOjjz8GJDURarmCPGqaiVg5mfjb98CQ==",
      "dependencies": [
        "call-bind-apply-helpers",
        "es-define-property",
        "es-errors",
        "es-object-atoms",
        "function-bind",
        "get-proto",
        "gopd",
        "has-symbols",
        "hasown",
        "math-intrinsics"
      ]
    },
    "get-proto@1.0.1": {
      "integrity": "sha512-sTSfBjoXBp89JvIKIefqw7U2CCebsc74kiY6awiGogKtoSGbgjYE/G/+l9sF3MWFPNc9IcoOC4ODfKHfxFmp0g==",
      "dependencies": [
        "dunder-proto",
        "es-object-atoms"
      ]
    },
    "globals@16.3.0": {
      "integrity": "sha512-bqWEnJ1Nt3neqx2q5SFfGS8r/ahumIakg3HcwtNlrVlwXIeNumWn/c7Pn/wKzGhf6SaW6H6uWXLqC30STCMchQ=="
    },
    "gopd@1.2.0": {
      "integrity": "sha512-ZUKRh6/kUFoAiTAtTYPZJ3hw9wNxx+BIBOijnlG9PnrJsCcSjs1wyyD6vJpaYtgnzDrKYRSqf3OO6Rfa93xsRg=="
    },
    "has-symbols@1.1.0": {
      "integrity": "sha512-1cDNdwJ2Jaohmb3sg4OmKaMBwuC48sYni5HUw2DvsC8LjGTLK9h+eb1X6RyuOHe4hT0ULCW68iomhjUoKUqlPQ=="
    },
    "has-tostringtag@1.0.2": {
      "integrity": "sha512-NqADB8VjPFLM2V0VvHUewwwsw0ZWBaIdgo+ieHtK3hasLz4qeCRjYcqfB6AQrBggRKppKF8L52/VqdVsO47Dlw==",
      "dependencies": [
        "has-symbols"
      ]
    },
    "hasown@2.0.2": {
      "integrity": "sha512-0hJU9SCPvmMzIBdZFqNPXWa6dqh7WdH0cII9y+CyS8rG3nL48Bclra9HmKhVVUHyPWNH5Y7xDwAB7bfgSjkUMQ==",
      "dependencies": [
        "function-bind"
      ]
    },
    "keychain@1.5.0": {
      "integrity": "sha512-liyp4r+93RI7EB2jhwaRd4MWfdgHH6shuldkaPMkELCJjMFvOOVXuTvw1pGqFfhsrgA6OqfykWWPQgBjQakVag=="
    },
    "lodash.kebabcase@4.1.1": {
      "integrity": "sha512-N8XRTIMMqqDgSy4VLKPnJ/+hpGZN+PHQiJnSenYqPaVV/NCqEogTnAdZLQiGKhxX+JCs8waWq2t1XHWKOmlY8g=="
    },
    "marked@16.2.1": {
      "integrity": "sha512-r3UrXED9lMlHF97jJByry90cwrZBBvZmjG1L68oYfuPMW+uDTnuMbyJDymCWwbTE+f+3LhpNDKfpR3a3saFyjA==",
      "bin": true
    },
    "math-intrinsics@1.1.0": {
      "integrity": "sha512-/IXtbwEk5HTPyEwyKX6hGkYXxM9nbj64B+ilVJnC/R6B0pH5G4V3b0pVbL7DBj4tkhBAppbQUlf6F6Xl9LHu1g=="
    },
    "mdast-util-heading-range@2.1.5": {
      "integrity": "sha512-jXbFD0C+MfRkwsaze+btzG9CmVrxnc5kpcJLtx3SvSlPWnNdGMlDRHKDB9/TIPEq9nRHnkixppT8yvaUJ5agJg==",
      "dependencies": [
        "mdast-util-to-string"
      ]
    },
    "mdast-util-to-string@1.1.0": {
      "integrity": "sha512-jVU0Nr2B9X3MU4tSK7JP1CMkSvOj7X5l/GboG1tKRw52lLF1x2Ju92Ms9tNetCcbfX3hzlM73zYo2NKkWSfF/A=="
    },
    "mime-db@1.52.0": {
      "integrity": "sha512-sPU4uV7dYlvtWJxwwxHD0PuihVNiE7TyAbQ5SWxDCB9mUYvOgroQOwYQQOKPJ8CIbE+1ETVlOoK1UC2nU3gYvg=="
    },
    "mime-types@2.1.35": {
      "integrity": "sha512-ZDY+bPm5zTTF+YpCrAU9nK0UgICYPT0QtT1NZWFv4s++TNkcgVaT0g6+4R2uI4MjQjzysHB1zxuWL50hzaeXiw==",
      "dependencies": [
        "mime-db"
      ]
    },
    "pagefind@1.3.0": {
      "integrity": "sha512-8KPLGT5g9s+olKMRTU9LFekLizkVIu9tes90O1/aigJ0T5LmyPqTzGJrETnSw3meSYg58YH7JTzhTTW/3z6VAw==",
      "optionalDependencies": [
        "@pagefind/darwin-arm64",
        "@pagefind/darwin-x64",
        "@pagefind/linux-arm64",
        "@pagefind/linux-x64",
        "@pagefind/windows-x64"
      ],
      "bin": true
    },
    "proxy-from-env@1.1.0": {
      "integrity": "sha512-D+zkORCbA9f1tdWRK0RaCR3GPv50cMxcrz4X8k5LTSUD1Dkw47mKJEZQNunItRTkWwgtaUSo1RVFRIG9ZXiFYg=="
    },
    "remark-collapse@0.1.2": {
      "integrity": "sha512-x2lhtaT4nR1Tkp/hftoeiMHbdAntxu5Q9D6lymwMqUtoF2pg3bqNaa8NO/8yyOVhddYk0d0dkhGc+avGUf0lZA==",
      "dependencies": [
        "mdast-util-heading-range",
        "mdast-util-to-string"
      ]
    },
    "slugify@1.6.6": {
      "integrity": "sha512-h+z7HKHYXj6wJU+AnS/+IH8Uh9fdcX1Lrhg1/VMdf9PwoBQXFcXiAdsy2tSK0P6gKwJLXp02r90ahUCqHk9rrw=="
    }
  },
  "redirects": {
    "https://esm.sh/@types/react-dom@~19.1.6/index.d.ts": "https://esm.sh/@types/react-dom@19.1.9/index.d.ts",
    "https://esm.sh/@types/react-dom@~19.1.7/server.browser.d.ts": "https://esm.sh/@types/react-dom@19.1.9/server.browser.d.ts"
  },
  "remote": {
    "https://esm.sh/react-dom@19.1.1": "231e09cb6c839fdd7ed9c46b994c748c9a0f5c1c702d5a9c0205ad60979437ee",
    "https://esm.sh/react-dom@19.1.1/denonext/cjs/react-dom-server-legacy.browser.production.mjs": "46093e4d958c744635246158bbe9d1448c1168acc16ee248a1cb744c0194cc72",
    "https://esm.sh/react-dom@19.1.1/denonext/cjs/react-dom-server.browser.production.mjs": "1b65edfd064bcb0377f63e6d3d15176967ead3acd6b3aec869bd194e48522676",
    "https://esm.sh/react-dom@19.1.1/denonext/react-dom.mjs": "a31239e9832b73257ff344fb3d8292982ee25cbc1da5edab9ba81648c30f4abd",
    "https://esm.sh/react-dom@19.1.1/denonext/server.browser.mjs": "e6bac0b522d7f58662cc2982fd5e4a7bf3a9cc91a55696fe6f6bf193c4de2c02",
    "https://esm.sh/react-dom@19.1.1/denonext/server.mjs": "513c3f84f3402259c315ae6788c2dd9e671e8dc2adfa2f37d51165e156b4932f",
    "https://esm.sh/react-dom@19.1.1/server": "d8d537b44c19a05a7805396eac77f18c628e1019fb2a61cb1f1a1bce0eeeb939",
    "https://esm.sh/react-dom@19.1.1/server.browser": "0bbec0ea0eea141c6e5edb389cac0e7d40c2207f2af0df9cf8572c0988f3e6f6",
    "https://esm.sh/react-dom@19.1.1/server.browser?external": "0bbec0ea0eea141c6e5edb389cac0e7d40c2207f2af0df9cf8572c0988f3e6f6",
    "https://esm.sh/react@19.1.1": "4583aedf2a721df5ea4aa7308de82b5bcbee12e5ed7910061940f7434982847d",
    "https://esm.sh/react@19.1.1/denonext/jsx-runtime.mjs": "725c2f07b0ae1b880a8e091b569a7baff43d5560cddb7fe51a64c94463eec496",
    "https://esm.sh/react@19.1.1/denonext/react.mjs": "588ff2562af9e974efdb79cc945049768bf5ee0252543fd8fb6a48472f3db587",
    "https://esm.sh/react@19.1.1/jsx-runtime": "0baf62ea45676abb2a68daf420cc1ba2cc462a19be3dfa195330b1d0a37f84d7",
    "https://esm.sh/react@19.1.1?external": "4583aedf2a721df5ea4aa7308de82b5bcbee12e5ed7910061940f7434982847d"
  },
  "workspace": {
    "dependencies": [
      "jsr:@deno/deployctl@^1.13.1",
      "jsr:@std/assert@^1.0.14",
      "jsr:@std/http@^1.0.20",
      "npm:react-dom@^19.1.1",
      "npm:react@^19.1.1"
    ],
    "packageJson": {
      "dependencies": [
        "npm:@astrojs/check@~0.9.4",
        "npm:@astrojs/react@^4.3.0",
        "npm:@astrojs/rss@^4.0.12",
        "npm:@astrojs/sitemap@^3.5.1",
        "npm:@deno/astro-adapter@~0.3.1",
        "npm:@giscus/react@^3.1.0",
        "npm:@pagefind/default-ui@^1.3.0",
        "npm:@resvg/resvg-js@^2.6.2",
        "npm:@tailwindcss/typography@~0.5.16",
        "npm:@tailwindcss/vite@^4.1.12",
        "npm:@types/lodash.kebabcase@^4.1.9",
        "npm:@typescript-eslint/parser@^8.41.0",
        "npm:astro@5.13.5",
        "npm:axios@^1.11.0",
        "npm:dayjs@^1.11.18",
        "npm:eslint-plugin-astro@^1.3.1",
        "npm:eslint@^9.34.0",
        "npm:globals@^16.3.0",
        "npm:lodash.kebabcase@^4.1.1",
        "npm:marked@^16.2.1",
        "npm:pagefind@^1.3.0",
        "npm:prettier-plugin-astro@~0.14.1",
        "npm:prettier-plugin-tailwindcss@~0.6.14",
        "npm:prettier@^3.6.2",
        "npm:react-dom@^19.1.1",
        "npm:react@^19.1.1",
        "npm:rehype-katex@^7.0.1",
        "npm:remark-collapse@~0.1.2",
        "npm:remark-math@6",
        "npm:remark-toc@9",
        "npm:satori@~0.18.1",
        "npm:slugify@^1.6.6",
        "npm:tailwindcss@^4.1.12",
        "npm:typescript-eslint@^8.41.0",
        "npm:typescript@^5.9.2"
      ]
    }
  }
}
